
Microsoft Visual Studio Solution File, Format Version 12.00
# Visual Studio Version 16
VisualStudioVersion = 16.0.30517.126
MinimumVisualStudioVersion = 10.0.40219.1
Project("{FAE04EC0-301F-11D3-BF4B-00C04F79EFBC}") = "OO4", "OO4\OO4.csproj", "{34D46D2E-7C55-48D2-93C9-294ED971F92B}"
EndProject
Project("{FAE04EC0-301F-11D3-BF4B-00C04F79EFBC}") = "Fanoutput", "Fanoutput\Fanoutput.csproj", "{F918A0A2-F3CE-4A78-B271-B98E26B8818C}"
EndProject
Global
	GlobalSection(SolutionConfigurationPlatforms) = preSolution
		Debug|Any CPU = Debug|Any CPU
		Release|Any CPU = Release|Any CPU
	EndGlobalSection
	GlobalSection(ProjectConfigurationPlatforms) = postSolution
		{34D46D2E-7C55-48D2-93C9-294ED971F92B}.Debug|Any CPU.ActiveCfg = Debug|Any CPU
		{34D46D2E-7C55-48D2-93C9-294ED971F92B}.Debug|Any CPU.Build.0 = Debug|Any CPU
		{34D46D2E-7C55-48D2-93C9-294ED971F92B}.Release|Any CPU.ActiveCfg = Release|Any CPU
		{34D46D2E-7C55-48D2-93C9-294ED971F92B}.Release|Any CPU.Build.0 = Release|Any CPU
		{F918A0A2-F3CE-4A78-B271-B98E26B8818C}.Debug|Any CPU.ActiveCfg = Debug|Any CPU
		{F918A0A2-F3CE-4A78-B271-B98E26B8818C}.Debug|Any CPU.Build.0 = Debug|Any CPU
		{F918A0A2-F3CE-4A78-B271-B98E26B8818C}.Release|Any CPU.ActiveCfg = Release|Any CPU
		{F918A0A2-F3CE-4A78-B271-B98E26B8818C}.Release|Any CPU.Build.0 = Release|Any CPU
	EndGlobalSection
	GlobalSection(SolutionProperties) = preSolution
		HideSolutionNode = FALSE
	EndGlobalSection
	GlobalSection(ExtensibilityGlobals) = postSolution
		SolutionGuid = {EE3DA118-ED46-4D0F-9438-250F077D486C}
	EndGlobalSection
EndGlobal
